
Microsoft Visual Studio Solution File, Format Version 12.00
# Visual Studio Version 17
VisualStudioVersion = 17.5.33530.505
MinimumVisualStudioVersion = 10.0.40219.1
Project("{FAE04EC0-301F-11D3-BF4B-00C04F79EFBC}") = "GitLabApp", "GitLabApp.csproj", "{8470C418-9D84-40BE-83B8-B43F5562418E}"
EndProject
Global
	GlobalSection(SolutionConfigurationPlatforms) = preSolution
		Debug|Any CPU = Debug|Any CPU
		Release|Any CPU = Release|Any CPU
	EndGlobalSection
	GlobalSection(ProjectConfigurationPlatforms) = postSolution
		{8470C418-9D84-40BE-83B8-B43F5562418E}.Debug|Any CPU.ActiveCfg = Debug|Any CPU
		{8470C418-9D84-40BE-83B8-B43F5562418E}.Debug|Any CPU.Build.0 = Debug|Any CPU
		{8470C418-9D84-40BE-83B8-B43F5562418E}.Release|Any CPU.ActiveCfg = Release|Any CPU
		{8470C418-9D84-40BE-83B8-B43F5562418E}.Release|Any CPU.Build.0 = Release|Any CPU
	EndGlobalSection
	GlobalSection(SolutionProperties) = preSolution
		HideSolutionNode = FALSE
	EndGlobalSection
	GlobalSection(ExtensibilityGlobals) = postSolution
		SolutionGuid = {B443E8E4-26F4-4BAE-A836-098717F61A2A}
	EndGlobalSection
EndGlobal
